// !$*UTF8*$!
{
	archiveVersion = 1;
	classes = {
	};
	objectVersion = 46;
	objects = {

/* Begin PBXBuildFile section */
		406E9DBA22325AC500947597 /* AboutWindowFramework.h in Headers */ = {isa = PBXBuildFile; fileRef = 406E9DB822325AC500947597 /* AboutWindowFramework.h */; settings = {ATTRIBUTES = (Public, ); }; };
		406E9DBD22325AC500947597 /* AboutWindowFramework.framework in Frameworks */ = {isa = PBXBuildFile; fileRef = 406E9DB622325AC500947597 /* AboutWindowFramework.framework */; };
		406E9DBE22325AC500947597 /* AboutWindowFramework.framework in Embed Frameworks */ = {isa = PBXBuildFile; fileRef = 406E9DB622325AC500947597 /* AboutWindowFramework.framework */; settings = {ATTRIBUTES = (CodeSignOnCopy, RemoveHeadersOnCopy, ); }; };
		406E9DC322325ACC00947597 /* AboutWindowController.swift in Sources */ = {isa = PBXBuildFile; fileRef = 63FB01D61B63AABB001AE3EF /* AboutWindowController.swift */; };
		406E9DC422325ACE00947597 /* AboutWindowControllerConfig.swift in Sources */ = {isa = PBXBuildFile; fileRef = 406E9DA92231834B00947597 /* AboutWindowControllerConfig.swift */; };
		406E9DC522325AD100947597 /* AboutWindowControllerState.swift in Sources */ = {isa = PBXBuildFile; fileRef = 406E9DAB2231848300947597 /* AboutWindowControllerState.swift */; };
		406E9DC622325AD300947597 /* Bundle+Extensions.swift in Sources */ = {isa = PBXBuildFile; fileRef = 406E9DAD2231855000947597 /* Bundle+Extensions.swift */; };
		406E9DC722325AD600947597 /* AtrributedStringHandler.swift in Sources */ = {isa = PBXBuildFile; fileRef = 406E9DAF22318A6E00947597 /* AtrributedStringHandler.swift */; };
		406E9DC822325ADE00947597 /* PFAboutWindow.xib in Resources */ = {isa = PBXBuildFile; fileRef = 63FB01D81B63AAC7001AE3EF /* PFAboutWindow.xib */; };
		406E9DC922325AE200947597 /* EULA.rtf in Resources */ = {isa = PBXBuildFile; fileRef = 63FB01DA1B63AACC001AE3EF /* EULA.rtf */; };
		406E9DCA22325AE200947597 /* Credits.rtf in Resources */ = {isa = PBXBuildFile; fileRef = 63FB01DB1B63AACC001AE3EF /* Credits.rtf */; };
		63FB01C81B63AAB3001AE3EF /* AppDelegate.swift in Sources */ = {isa = PBXBuildFile; fileRef = 63FB01C71B63AAB3001AE3EF /* AppDelegate.swift */; };
		63FB01CA1B63AAB3001AE3EF /* ViewController.swift in Sources */ = {isa = PBXBuildFile; fileRef = 63FB01C91B63AAB3001AE3EF /* ViewController.swift */; };
		63FB01CC1B63AAB3001AE3EF /* Assets.xcassets in Resources */ = {isa = PBXBuildFile; fileRef = 63FB01CB1B63AAB3001AE3EF /* Assets.xcassets */; };
		63FB01CF1B63AAB3001AE3EF /* Main.storyboard in Resources */ = {isa = PBXBuildFile; fileRef = 63FB01CD1B63AAB3001AE3EF /* Main.storyboard */; };
/* End PBXBuildFile section */

/* Begin PBXContainerItemProxy section */
		406E9DBB22325AC500947597 /* PBXContainerItemProxy */ = {
			isa = PBXContainerItemProxy;
			containerPortal = 63FB01BC1B63AAB3001AE3EF /* Project object */;
			proxyType = 1;
			remoteGlobalIDString = 406E9DB522325AC500947597;
			remoteInfo = AboutWindowFramework;
		};
/* End PBXContainerItemProxy section */

/* Begin PBXCopyFilesBuildPhase section */
		406E9DC222325AC500947597 /* Embed Frameworks */ = {
			isa = PBXCopyFilesBuildPhase;
			buildActionMask = 2147483647;
			dstPath = "";
			dstSubfolderSpec = 10;
			files = (
				406E9DBE22325AC500947597 /* AboutWindowFramework.framework in Embed Frameworks */,
			);
			name = "Embed Frameworks";
			runOnlyForDeploymentPostprocessing = 0;
		};
/* End PBXCopyFilesBuildPhase section */

/* Begin PBXFileReference section */
		406E9DA92231834B00947597 /* AboutWindowControllerConfig.swift */ = {isa = PBXFileReference; lastKnownFileType = sourcecode.swift; path = AboutWindowControllerConfig.swift; sourceTree = "<group>"; };
		406E9DAB2231848300947597 /* AboutWindowControllerState.swift */ = {isa = PBXFileReference; lastKnownFileType = sourcecode.swift; path = AboutWindowControllerState.swift; sourceTree = "<group>"; };
		406E9DAD2231855000947597 /* Bundle+Extensions.swift */ = {isa = PBXFileReference; lastKnownFileType = sourcecode.swift; path = "Bundle+Extensions.swift"; sourceTree = "<group>"; };
		406E9DAF22318A6E00947597 /* AtrributedStringHandler.swift */ = {isa = PBXFileReference; lastKnownFileType = sourcecode.swift; path = AtrributedStringHandler.swift; sourceTree = "<group>"; };
		406E9DB622325AC500947597 /* AboutWindowFramework.framework */ = {isa = PBXFileReference; explicitFileType = wrapper.framework; includeInIndex = 0; path = AboutWindowFramework.framework; sourceTree = BUILT_PRODUCTS_DIR; };
		406E9DB822325AC500947597 /* AboutWindowFramework.h */ = {isa = PBXFileReference; lastKnownFileType = sourcecode.c.h; path = AboutWindowFramework.h; sourceTree = "<group>"; };
		406E9DB922325AC500947597 /* Info.plist */ = {isa = PBXFileReference; lastKnownFileType = text.plist.xml; path = Info.plist; sourceTree = "<group>"; };
		63FB01C41B63AAB3001AE3EF /* AboutWindowController.app */ = {isa = PBXFileReference; explicitFileType = wrapper.application; includeInIndex = 0; path = AboutWindowController.app; sourceTree = BUILT_PRODUCTS_DIR; };
		63FB01C71B63AAB3001AE3EF /* AppDelegate.swift */ = {isa = PBXFileReference; lastKnownFileType = sourcecode.swift; path = AppDelegate.swift; sourceTree = "<group>"; };
		63FB01C91B63AAB3001AE3EF /* ViewController.swift */ = {isa = PBXFileReference; lastKnownFileType = sourcecode.swift; path = ViewController.swift; sourceTree = "<group>"; };
		63FB01CB1B63AAB3001AE3EF /* Assets.xcassets */ = {isa = PBXFileReference; lastKnownFileType = folder.assetcatalog; path = Assets.xcassets; sourceTree = "<group>"; };
		63FB01CE1B63AAB3001AE3EF /* Base */ = {isa = PBXFileReference; lastKnownFileType = file.storyboard; name = Base; path = Base.lproj/Main.storyboard; sourceTree = "<group>"; };
		63FB01D01B63AAB3001AE3EF /* Info.plist */ = {isa = PBXFileReference; lastKnownFileType = text.plist.xml; path = Info.plist; sourceTree = "<group>"; };
		63FB01D61B63AABB001AE3EF /* AboutWindowController.swift */ = {isa = PBXFileReference; fileEncoding = 4; lastKnownFileType = sourcecode.swift; path = AboutWindowController.swift; sourceTree = "<group>"; };
		63FB01D81B63AAC7001AE3EF /* PFAboutWindow.xib */ = {isa = PBXFileReference; fileEncoding = 4; lastKnownFileType = file.xib; path = PFAboutWindow.xib; sourceTree = "<group>"; };
		63FB01DA1B63AACC001AE3EF /* EULA.rtf */ = {isa = PBXFileReference; fileEncoding = 4; lastKnownFileType = text.rtf; path = EULA.rtf; sourceTree = "<group>"; };
		63FB01DB1B63AACC001AE3EF /* Credits.rtf */ = {isa = PBXFileReference; fileEncoding = 4; lastKnownFileType = text.rtf; path = Credits.rtf; sourceTree = "<group>"; };
/* End PBXFileReference section */

/* Begin PBXFrameworksBuildPhase section */
		406E9DB322325AC500947597 /* Frameworks */ = {
			isa = PBXFrameworksBuildPhase;
			buildActionMask = 2147483647;
			files = (
			);
			runOnlyForDeploymentPostprocessing = 0;
		};
		63FB01C11B63AAB3001AE3EF /* Frameworks */ = {
			isa = PBXFrameworksBuildPhase;
			buildActionMask = 2147483647;
			files = (
				406E9DBD22325AC500947597 /* AboutWindowFramework.framework in Frameworks */,
			);
			runOnlyForDeploymentPostprocessing = 0;
		};
/* End PBXFrameworksBuildPhase section */

/* Begin PBXGroup section */
		406E9DB722325AC500947597 /* AboutWindowFramework */ = {
			isa = PBXGroup;
			children = (
				406E9DB822325AC500947597 /* AboutWindowFramework.h */,
				406E9DB922325AC500947597 /* Info.plist */,
				63FB01D61B63AABB001AE3EF /* AboutWindowController.swift */,
				406E9DA92231834B00947597 /* AboutWindowControllerConfig.swift */,
				406E9DAB2231848300947597 /* AboutWindowControllerState.swift */,
				406E9DAD2231855000947597 /* Bundle+Extensions.swift */,
				406E9DAF22318A6E00947597 /* AtrributedStringHandler.swift */,
				63FB01D81B63AAC7001AE3EF /* PFAboutWindow.xib */,
				63FB01DA1B63AACC001AE3EF /* EULA.rtf */,
				63FB01DB1B63AACC001AE3EF /* Credits.rtf */,
			);
			path = AboutWindowFramework;
			sourceTree = "<group>";
		};
		63FB01BB1B63AAB3001AE3EF = {
			isa = PBXGroup;
			children = (
				63FB01C61B63AAB3001AE3EF /* AboutWindowController */,
				406E9DB722325AC500947597 /* AboutWindowFramework */,
				63FB01C51B63AAB3001AE3EF /* Products */,
			);
			sourceTree = "<group>";
		};
		63FB01C51B63AAB3001AE3EF /* Products */ = {
			isa = PBXGroup;
			children = (
				63FB01C41B63AAB3001AE3EF /* AboutWindowController.app */,
				406E9DB622325AC500947597 /* AboutWindowFramework.framework */,
			);
			name = Products;
			sourceTree = "<group>";
		};
		63FB01C61B63AAB3001AE3EF /* AboutWindowController */ = {
			isa = PBXGroup;
			children = (
				63FB01C71B63AAB3001AE3EF /* AppDelegate.swift */,
				63FB01C91B63AAB3001AE3EF /* ViewController.swift */,
				63FB01CB1B63AAB3001AE3EF /* Assets.xcassets */,
				63FB01CD1B63AAB3001AE3EF /* Main.storyboard */,
				63FB01D01B63AAB3001AE3EF /* Info.plist */,
			);
			path = AboutWindowController;
			sourceTree = "<group>";
		};
/* End PBXGroup section */

/* Begin PBXHeadersBuildPhase section */
		406E9DB122325AC500947597 /* Headers */ = {
			isa = PBXHeadersBuildPhase;
			buildActionMask = 2147483647;
			files = (
				406E9DBA22325AC500947597 /* AboutWindowFramework.h in Headers */,
			);
			runOnlyForDeploymentPostprocessing = 0;
		};
/* End PBXHeadersBuildPhase section */

/* Begin PBXNativeTarget section */
		406E9DB522325AC500947597 /* AboutWindowFramework */ = {
			isa = PBXNativeTarget;
			buildConfigurationList = 406E9DBF22325AC500947597 /* Build configuration list for PBXNativeTarget "AboutWindowFramework" */;
			buildPhases = (
				406E9DB122325AC500947597 /* Headers */,
				406E9DB222325AC500947597 /* Sources */,
				406E9DB322325AC500947597 /* Frameworks */,
				406E9DB422325AC500947597 /* Resources */,
			);
			buildRules = (
			);
			dependencies = (
			);
			name = AboutWindowFramework;
			productName = AboutWindowFramework;
			productReference = 406E9DB622325AC500947597 /* AboutWindowFramework.framework */;
			productType = "com.apple.product-type.framework";
		};
		63FB01C31B63AAB3001AE3EF /* AboutWindowController */ = {
			isa = PBXNativeTarget;
			buildConfigurationList = 63FB01D31B63AAB3001AE3EF /* Build configuration list for PBXNativeTarget "AboutWindowController" */;
			buildPhases = (
				63FB01C01B63AAB3001AE3EF /* Sources */,
				63FB01C11B63AAB3001AE3EF /* Frameworks */,
				63FB01C21B63AAB3001AE3EF /* Resources */,
				406E9DC222325AC500947597 /* Embed Frameworks */,
			);
			buildRules = (
			);
			dependencies = (
				406E9DBC22325AC500947597 /* PBXTargetDependency */,
			);
			name = AboutWindowController;
			productName = TRexAboutWindowController;
			productReference = 63FB01C41B63AAB3001AE3EF /* AboutWindowController.app */;
			productType = "com.apple.product-type.application";
		};
/* End PBXNativeTarget section */

/* Begin PBXProject section */
		63FB01BC1B63AAB3001AE3EF /* Project object */ = {
			isa = PBXProject;
			attributes = {
				LastUpgradeCheck = 1000;
				ORGANIZATIONNAME = "David Ehlen";
				TargetAttributes = {
					406E9DB522325AC500947597 = {
						CreatedOnToolsVersion = 10.0;
						ProvisioningStyle = Automatic;
					};
					63FB01C31B63AAB3001AE3EF = {
						CreatedOnToolsVersion = 7.0;
						LastSwiftMigration = 0910;
					};
				};
			};
			buildConfigurationList = 63FB01BF1B63AAB3001AE3EF /* Build configuration list for PBXProject "AboutWindowController" */;
			compatibilityVersion = "Xcode 3.2";
			developmentRegion = English;
			hasScannedForEncodings = 0;
			knownRegions = (
				en,
				Base,
			);
			mainGroup = 63FB01BB1B63AAB3001AE3EF;
			productRefGroup = 63FB01C51B63AAB3001AE3EF /* Products */;
			projectDirPath = "";
			projectRoot = "";
			targets = (
				63FB01C31B63AAB3001AE3EF /* AboutWindowController */,
				406E9DB522325AC500947597 /* AboutWindowFramework */,
			);
		};
/* End PBXProject section */

/* Begin PBXResourcesBuildPhase section */
		406E9DB422325AC500947597 /* Resources */ = {
			isa = PBXResourcesBuildPhase;
			buildActionMask = 2147483647;
			files = (
				406E9DC822325ADE00947597 /* PFAboutWindow.xib in Resources */,
				406E9DCA22325AE200947597 /* Credits.rtf in Resources */,
				406E9DC922325AE200947597 /* EULA.rtf in Resources */,
			);
			runOnlyForDeploymentPostprocessing = 0;
		};
		63FB01C21B63AAB3001AE3EF /* Resources */ = {
			isa = PBXResourcesBuildPhase;
			buildActionMask = 2147483647;
			files = (
				63FB01CC1B63AAB3001AE3EF /* Assets.xcassets in Resources */,
				63FB01CF1B63AAB3001AE3EF /* Main.storyboard in Resources */,
			);
			runOnlyForDeploymentPostprocessing = 0;
		};
/* End PBXResourcesBuildPhase section */

/* Begin PBXSourcesBuildPhase section */
		406E9DB222325AC500947597 /* Sources */ = {
			isa = PBXSourcesBuildPhase;
			buildActionMask = 2147483647;
			files = (
				406E9DC322325ACC00947597 /* AboutWindowController.swift in Sources */,
				406E9DC422325ACE00947597 /* AboutWindowControllerConfig.swift in Sources */,
				406E9DC522325AD100947597 /* AboutWindowControllerState.swift in Sources */,
				406E9DC622325AD300947597 /* Bundle+Extensions.swift in Sources */,
				406E9DC722325AD600947597 /* AtrributedStringHandler.swift in Sources */,
			);
			runOnlyForDeploymentPostprocessing = 0;
		};
		63FB01C01B63AAB3001AE3EF /* Sources */ = {
			isa = PBXSourcesBuildPhase;
			buildActionMask = 2147483647;
			files = (
				63FB01CA1B63AAB3001AE3EF /* ViewController.swift in Sources */,
				63FB01C81B63AAB3001AE3EF /* AppDelegate.swift in Sources */,
			);
			runOnlyForDeploymentPostprocessing = 0;
		};
/* End PBXSourcesBuildPhase section */

/* Begin PBXTargetDependency section */
		406E9DBC22325AC500947597 /* PBXTargetDependency */ = {
			isa = PBXTargetDependency;
			target = 406E9DB522325AC500947597 /* AboutWindowFramework */;
			targetProxy = 406E9DBB22325AC500947597 /* PBXContainerItemProxy */;
		};
/* End PBXTargetDependency section */

/* Begin PBXVariantGroup section */
		63FB01CD1B63AAB3001AE3EF /* Main.storyboard */ = {
			isa = PBXVariantGroup;
			children = (
				63FB01CE1B63AAB3001AE3EF /* Base */,
			);
			name = Main.storyboard;
			sourceTree = "<group>";
		};
/* End PBXVariantGroup section */

/* Begin XCBuildConfiguration section */
		406E9DC022325AC500947597 /* Debug */ = {
			isa = XCBuildConfiguration;
			buildSettings = {
				CLANG_ANALYZER_NONNULL = YES;
				CLANG_ANALYZER_NUMBER_OBJECT_CONVERSION = YES_AGGRESSIVE;
				CLANG_CXX_LANGUAGE_STANDARD = "gnu++14";
				CLANG_ENABLE_OBJC_WEAK = YES;
				CLANG_WARN_DOCUMENTATION_COMMENTS = YES;
				CLANG_WARN_UNGUARDED_AVAILABILITY = YES_AGGRESSIVE;
				CODE_SIGN_IDENTITY = "-";
				CODE_SIGN_STYLE = Automatic;
				COMBINE_HIDPI_IMAGES = YES;
				CURRENT_PROJECT_VERSION = 1;
				DEFINES_MODULE = YES;
				DYLIB_COMPATIBILITY_VERSION = 1;
				DYLIB_CURRENT_VERSION = 1;
				DYLIB_INSTALL_NAME_BASE = "@rpath";
				FRAMEWORK_VERSION = A;
				GCC_C_LANGUAGE_STANDARD = gnu11;
				INFOPLIST_FILE = AboutWindowFramework/Info.plist;
				INSTALL_PATH = "$(LOCAL_LIBRARY_DIR)/Frameworks";
				LD_RUNPATH_SEARCH_PATHS = "$(inherited) @executable_path/../Frameworks @loader_path/Frameworks";
				MACOSX_DEPLOYMENT_TARGET = 10.11;
				MTL_ENABLE_DEBUG_INFO = INCLUDE_SOURCE;
				MTL_FAST_MATH = YES;
				PRODUCT_BUNDLE_IDENTIFIER = com.davidehlen.AboutWindowFramework;
				PRODUCT_NAME = "$(TARGET_NAME:c99extidentifier)";
				SKIP_INSTALL = YES;
				SWIFT_ACTIVE_COMPILATION_CONDITIONS = DEBUG;
				SWIFT_VERSION = 4.2;
				VERSIONING_SYSTEM = "apple-generic";
				VERSION_INFO_PREFIX = "";
			};
			name = Debug;
		};
		406E9DC122325AC500947597 /* Release */ = {
			isa = XCBuildConfiguration;
			buildSettings = {
				CLANG_ANALYZER_NONNULL = YES;
				CLANG_ANALYZER_NUMBER_OBJECT_CONVERSION = YES_AGGRESSIVE;
				CLANG_CXX_LANGUAGE_STANDARD = "gnu++14";
				CLANG_ENABLE_OBJC_WEAK = YES;
				CLANG_WARN_DOCUMENTATION_COMMENTS = YES;
				CLANG_WARN_UNGUARDED_AVAILABILITY = YES_AGGRESSIVE;
				CODE_SIGN_IDENTITY = "-";
				CODE_SIGN_STYLE = Automatic;
				COMBINE_HIDPI_IMAGES = YES;
				CURRENT_PROJECT_VERSION = 1;
				DEFINES_MODULE = YES;
				DYLIB_COMPATIBILITY_VERSION = 1;
				DYLIB_CURRENT_VERSION = 1;
				DYLIB_INSTALL_NAME_BASE = "@rpath";
				FRAMEWORK_VERSION = A;
				GCC_C_LANGUAGE_STANDARD = gnu11;
				INFOPLIST_FILE = AboutWindowFramework/Info.plist;
				INSTALL_PATH = "$(LOCAL_LIBRARY_DIR)/Frameworks";
				LD_RUNPATH_SEARCH_PATHS = "$(inherited) @executable_path/../Frameworks @loader_path/Frameworks";
				MACOSX_DEPLOYMENT_TARGET = 10.11;
				MTL_FAST_MATH = YES;
				PRODUCT_BUNDLE_IDENTIFIER = com.davidehlen.AboutWindowFramework;
				PRODUCT_NAME = "$(TARGET_NAME:c99extidentifier)";
				SKIP_INSTALL = YES;
				SWIFT_VERSION = 4.2;
				VERSIONING_SYSTEM = "apple-generic";
				VERSION_INFO_PREFIX = "";
			};
			name = Release;
		};
		63FB01D11B63AAB3001AE3EF /* Debug */ = {
			isa = XCBuildConfiguration;
			buildSettings = {
				ALWAYS_SEARCH_USER_PATHS = NO;
				CLANG_CXX_LANGUAGE_STANDARD = "gnu++0x";
				CLANG_CXX_LIBRARY = "libc++";
				CLANG_ENABLE_MODULES = YES;
				CLANG_ENABLE_OBJC_ARC = YES;
				CLANG_WARN_BLOCK_CAPTURE_AUTORELEASING = YES;
				CLANG_WARN_BOOL_CONVERSION = YES;
				CLANG_WARN_COMMA = YES;
				CLANG_WARN_CONSTANT_CONVERSION = YES;
				CLANG_WARN_DEPRECATED_OBJC_IMPLEMENTATIONS = YES;
				CLANG_WARN_DIRECT_OBJC_ISA_USAGE = YES_ERROR;
				CLANG_WARN_EMPTY_BODY = YES;
				CLANG_WARN_ENUM_CONVERSION = YES;
				CLANG_WARN_INFINITE_RECURSION = YES;
				CLANG_WARN_INT_CONVERSION = YES;
				CLANG_WARN_NON_LITERAL_NULL_CONVERSION = YES;
				CLANG_WARN_OBJC_IMPLICIT_RETAIN_SELF = YES;
				CLANG_WARN_OBJC_LITERAL_CONVERSION = YES;
				CLANG_WARN_OBJC_ROOT_CLASS = YES_ERROR;
				CLANG_WARN_RANGE_LOOP_ANALYSIS = YES;
				CLANG_WARN_STRICT_PROTOTYPES = YES;
				CLANG_WARN_SUSPICIOUS_MOVE = YES;
				CLANG_WARN_UNREACHABLE_CODE = YES;
				CLANG_WARN__DUPLICATE_METHOD_MATCH = YES;
				CODE_SIGN_IDENTITY = "-";
				COPY_PHASE_STRIP = NO;
				DEBUG_INFORMATION_FORMAT = dwarf;
				ENABLE_STRICT_OBJC_MSGSEND = YES;
				ENABLE_TESTABILITY = YES;
				GCC_C_LANGUAGE_STANDARD = gnu99;
				GCC_DYNAMIC_NO_PIC = NO;
				GCC_NO_COMMON_BLOCKS = YES;
				GCC_OPTIMIZATION_LEVEL = 0;
				GCC_PREPROCESSOR_DEFINITIONS = (
					"DEBUG=1",
					"$(inherited)",
				);
				GCC_WARN_64_TO_32_BIT_CONVERSION = YES;
				GCC_WARN_ABOUT_RETURN_TYPE = YES_ERROR;
				GCC_WARN_UNDECLARED_SELECTOR = YES;
				GCC_WARN_UNINITIALIZED_AUTOS = YES_AGGRESSIVE;
				GCC_WARN_UNUSED_FUNCTION = YES;
				GCC_WARN_UNUSED_VARIABLE = YES;
				MACOSX_DEPLOYMENT_TARGET = 10.10;
				MTL_ENABLE_DEBUG_INFO = YES;
				ONLY_ACTIVE_ARCH = YES;
				SDKROOT = macosx;
				SWIFT_OPTIMIZATION_LEVEL = "-Onone";
				SWIFT_VERSION = 4.2;
			};
			name = Debug;
		};
		63FB01D21B63AAB3001AE3EF /* Release */ = {
			isa = XCBuildConfiguration;
			buildSettings = {
				ALWAYS_SEARCH_USER_PATHS = NO;
				CLANG_CXX_LANGUAGE_STANDARD = "gnu++0x";
				CLANG_CXX_LIBRARY = "libc++";
				CLANG_ENABLE_MODULES = YES;
				CLANG_ENABLE_OBJC_ARC = YES;
				CLANG_WARN_BLOCK_CAPTURE_AUTORELEASING = YES;
				CLANG_WARN_BOOL_CONVERSION = YES;
				CLANG_WARN_COMMA = YES;
				CLANG_WARN_CONSTANT_CONVERSION = YES;
				CLANG_WARN_DEPRECATED_OBJC_IMPLEMENTATIONS = YES;
				CLANG_WARN_DIRECT_OBJC_ISA_USAGE = YES_ERROR;
				CLANG_WARN_EMPTY_BODY = YES;
				CLANG_WARN_ENUM_CONVERSION = YES;
				CLANG_WARN_INFINITE_RECURSION = YES;
				CLANG_WARN_INT_CONVERSION = YES;
				CLANG_WARN_NON_LITERAL_NULL_CONVERSION = YES;
				CLANG_WARN_OBJC_IMPLICIT_RETAIN_SELF = YES;
				CLANG_WARN_OBJC_LITERAL_CONVERSION = YES;
				CLANG_WARN_OBJC_ROOT_CLASS = YES_ERROR;
				CLANG_WARN_RANGE_LOOP_ANALYSIS = YES;
				CLANG_WARN_STRICT_PROTOTYPES = YES;
				CLANG_WARN_SUSPICIOUS_MOVE = YES;
				CLANG_WARN_UNREACHABLE_CODE = YES;
				CLANG_WARN__DUPLICATE_METHOD_MATCH = YES;
				CODE_SIGN_IDENTITY = "-";
				COPY_PHASE_STRIP = NO;
				DEBUG_INFORMATION_FORMAT = "dwarf-with-dsym";
				ENABLE_NS_ASSERTIONS = NO;
				ENABLE_STRICT_OBJC_MSGSEND = YES;
				GCC_C_LANGUAGE_STANDARD = gnu99;
				GCC_NO_COMMON_BLOCKS = YES;
				GCC_WARN_64_TO_32_BIT_CONVERSION = YES;
				GCC_WARN_ABOUT_RETURN_TYPE = YES_ERROR;
				GCC_WARN_UNDECLARED_SELECTOR = YES;
				GCC_WARN_UNINITIALIZED_AUTOS = YES_AGGRESSIVE;
				GCC_WARN_UNUSED_FUNCTION = YES;
				GCC_WARN_UNUSED_VARIABLE = YES;
				MACOSX_DEPLOYMENT_TARGET = 10.10;
				MTL_ENABLE_DEBUG_INFO = NO;
				SDKROOT = macosx;
				SWIFT_OPTIMIZATION_LEVEL = "-Owholemodule";
				SWIFT_VERSION = 4.2;
			};
			name = Release;
		};
		63FB01D41B63AAB3001AE3EF /* Debug */ = {
			isa = XCBuildConfiguration;
			buildSettings = {
				ALWAYS_EMBED_SWIFT_STANDARD_LIBRARIES = YES;
				ASSETCATALOG_COMPILER_APPICON_NAME = AppIcon;
				COMBINE_HIDPI_IMAGES = YES;
				INFOPLIST_FILE = AboutWindowController/Info.plist;
				LD_RUNPATH_SEARCH_PATHS = "$(inherited) @executable_path/../Frameworks";
				MACOSX_DEPLOYMENT_TARGET = 10.11;
				PRODUCT_BUNDLE_IDENTIFIER = com.davidehlen.AboutWindowController;
				PRODUCT_NAME = "$(TARGET_NAME)";
				SWIFT_SWIFT3_OBJC_INFERENCE = Default;
				SWIFT_VERSION = 4.2;
			};
			name = Debug;
		};
		63FB01D51B63AAB3001AE3EF /* Release */ = {
			isa = XCBuildConfiguration;
			buildSettings = {
				ALWAYS_EMBED_SWIFT_STANDARD_LIBRARIES = YES;
				ASSETCATALOG_COMPILER_APPICON_NAME = AppIcon;
				COMBINE_HIDPI_IMAGES = YES;
				INFOPLIST_FILE = AboutWindowController/Info.plist;
				LD_RUNPATH_SEARCH_PATHS = "$(inherited) @executable_path/../Frameworks";
				MACOSX_DEPLOYMENT_TARGET = 10.11;
				PRODUCT_BUNDLE_IDENTIFIER = com.davidehlen.AboutWindowController;
				PRODUCT_NAME = "$(TARGET_NAME)";
				SWIFT_SWIFT3_OBJC_INFERENCE = Default;
				SWIFT_VERSION = 4.2;
			};
			name = Release;
		};
/* End XCBuildConfiguration section */

/* Begin XCConfigurationList section */
		406E9DBF22325AC500947597 /* Build configuration list for PBXNativeTarget "AboutWindowFramework" */ = {
			isa = XCConfigurationList;
			buildConfigurations = (
				406E9DC022325AC500947597 /* Debug */,
				406E9DC122325AC500947597 /* Release */,
			);
			defaultConfigurationIsVisible = 0;
			defaultConfigurationName = Release;
		};
		63FB01BF1B63AAB3001AE3EF /* Build configuration list for PBXProject "AboutWindowController" */ = {
			isa = XCConfigurationList;
			buildConfigurations = (
				63FB01D11B63AAB3001AE3EF /* Debug */,
				63FB01D21B63AAB3001AE3EF /* Release */,
			);
			defaultConfigurationIsVisible = 0;
			defaultConfigurationName = Release;
		};
		63FB01D31B63AAB3001AE3EF /* Build configuration list for PBXNativeTarget "AboutWindowController" */ = {
			isa = XCConfigurationList;
			buildConfigurations = (
				63FB01D41B63AAB3001AE3EF /* Debug */,
				63FB01D51B63AAB3001AE3EF /* Release */,
			);
			defaultConfigurationIsVisible = 0;
			defaultConfigurationName = Release;
		};
/* End XCConfigurationList section */
	};
	rootObject = 63FB01BC1B63AAB3001AE3EF /* Project object */;
}
